
Microsoft Visual Studio Solution File, Format Version 12.00
# Visual Studio Version 17
VisualStudioVersion = 17.5.33516.290
MinimumVisualStudioVersion = 10.0.40219.1
Project("{FAE04EC0-301F-11D3-BF4B-00C04F79EFBC}") = "TesteIMC", "TesteIMC\TesteIMC.csproj", "{D5A29126-DD28-449D-A65E-34179ABB2358}"
EndProject
Project("{FAE04EC0-301F-11D3-BF4B-00C04F79EFBC}") = "TestarIMC", "TestarIMC\TestarIMC.csproj", "{0776411E-A7FE-4377-BA5E-72EC828CC500}"
EndProject
Global
	GlobalSection(SolutionConfigurationPlatforms) = preSolution
		Debug|Any CPU = Debug|Any CPU
		Release|Any CPU = Release|Any CPU
	EndGlobalSection
	GlobalSection(ProjectConfigurationPlatforms) = postSolution
		{D5A29126-DD28-449D-A65E-34179ABB2358}.Debug|Any CPU.ActiveCfg = Debug|Any CPU
		{D5A29126-DD28-449D-A65E-34179ABB2358}.Debug|Any CPU.Build.0 = Debug|Any CPU
		{D5A29126-DD28-449D-A65E-34179ABB2358}.Release|Any CPU.ActiveCfg = Release|Any CPU
		{D5A29126-DD28-449D-A65E-34179ABB2358}.Release|Any CPU.Build.0 = Release|Any CPU
		{0776411E-A7FE-4377-BA5E-72EC828CC500}.Debug|Any CPU.ActiveCfg = Debug|Any CPU
		{0776411E-A7FE-4377-BA5E-72EC828CC500}.Debug|Any CPU.Build.0 = Debug|Any CPU
		{0776411E-A7FE-4377-BA5E-72EC828CC500}.Release|Any CPU.ActiveCfg = Release|Any CPU
		{0776411E-A7FE-4377-BA5E-72EC828CC500}.Release|Any CPU.Build.0 = Release|Any CPU
	EndGlobalSection
	GlobalSection(SolutionProperties) = preSolution
		HideSolutionNode = FALSE
	EndGlobalSection
	GlobalSection(ExtensibilityGlobals) = postSolution
		SolutionGuid = {89BC8BB4-A0D2-4848-A7A7-53DEC0DB2A7D}
	EndGlobalSection
EndGlobal
